
Microsoft Visual Studio Solution File, Format Version 12.00
# Visual Studio 15
VisualStudioVersion = 15.0.26228.12
MinimumVisualStudioVersion = 10.0.40219.1
Project("{FAE04EC0-301F-11D3-BF4B-00C04F79EFBC}") = "FotoEvents", "FotoEvents\FotoEvents.csproj", "{1578FD45-2DBD-41BD-BE9D-6E358BD75011}"
EndProject
Project("{FAE04EC0-301F-11D3-BF4B-00C04F79EFBC}") = "FotoEvents.Tests", "FotoEvents.Tests\FotoEvents.Tests.csproj", "{6630F895-7969-4CF6-B186-5D6B668F3BE9}"
EndProject
Global
	GlobalSection(SolutionConfigurationPlatforms) = preSolution
		Debug|Any CPU = Debug|Any CPU
		Release|Any CPU = Release|Any CPU
	EndGlobalSection
	GlobalSection(ProjectConfigurationPlatforms) = postSolution
		{1578FD45-2DBD-41BD-BE9D-6E358BD75011}.Debug|Any CPU.ActiveCfg = Debug|Any CPU
		{1578FD45-2DBD-41BD-BE9D-6E358BD75011}.Debug|Any CPU.Build.0 = Debug|Any CPU
		{1578FD45-2DBD-41BD-BE9D-6E358BD75011}.Release|Any CPU.ActiveCfg = Release|Any CPU
		{1578FD45-2DBD-41BD-BE9D-6E358BD75011}.Release|Any CPU.Build.0 = Release|Any CPU
		{6630F895-7969-4CF6-B186-5D6B668F3BE9}.Debug|Any CPU.ActiveCfg = Debug|Any CPU
		{6630F895-7969-4CF6-B186-5D6B668F3BE9}.Debug|Any CPU.Build.0 = Debug|Any CPU
		{6630F895-7969-4CF6-B186-5D6B668F3BE9}.Release|Any CPU.ActiveCfg = Release|Any CPU
		{6630F895-7969-4CF6-B186-5D6B668F3BE9}.Release|Any CPU.Build.0 = Release|Any CPU
	EndGlobalSection
	GlobalSection(SolutionProperties) = preSolution
		HideSolutionNode = FALSE
	EndGlobalSection
EndGlobal
